# THIS IS AN AUTOGENERATED FILE. DO NOT EDIT THIS FILE DIRECTLY.
# yarn lockfile v1


date-fns@^2.15.0:
  version "2.15.0"
  resolved "https://registry.yarnpkg.com/date-fns/-/date-fns-2.15.0.tgz#424de6b3778e4e69d3ff27046ec136af58ae5d5f"
  integrity sha512-ZCPzAMJZn3rNUvvQIMlXhDr4A+Ar07eLeGsGREoWU19a3Pqf5oYa+ccd+B3F6XVtQY6HANMFdOQ8A+ipFnvJdQ==

diff-so-fancy@^1.3.0:
  version "1.3.0"
  resolved "https://registry.yarnpkg.com/diff-so-fancy/-/diff-so-fancy-1.3.0.tgz#550860b5e21ae7517c904367cb2338996070315e"
  integrity sha512-YV7XUOmtFiWqjh+HmW0Xve7LY1KoE2pbByyyGt9KkqGjdbjlAy4DIGr6J4NqTBuYRfpu8f6mNrir5Myj9iJ85w==

sugar-core@^2.0.0:
  version "2.0.6"
  resolved "https://registry.yarnpkg.com/sugar-core/-/sugar-core-2.0.6.tgz#785e0cd64aa7302ea54d47bc1213efe52c006270"
  integrity sha512-YmLFysR3Si6RImqL1+aB6JH81EXxvXn5iXhPf2PsjfoUYEwCxFDYCQY+zC3WqviuGWzxFaSkkJvkUE05Y03L5Q==

sugar-date@^2.0.6:
  version "2.0.6"
  resolved "https://registry.yarnpkg.com/sugar-date/-/sugar-date-2.0.6.tgz#cbfb25e1e1e5cfeec551aa9f302ed763a3778b02"
  integrity sha512-5aPXcTl9pIgae3j8wOieRZOEbaowHHpL+MPgZwHHjXdhZz3FjzpacjzM+Aq7rZTjDsWyWuKHzkIALx2uUhnmyg==
  dependencies:
    sugar-core "^2.0.0"
